
Microsoft Visual Studio Solution File, Format Version 12.00
# Visual Studio Version 17
VisualStudioVersion = 17.0.31919.166
MinimumVisualStudioVersion = 10.0.40219.1
Project("{FAE04EC0-301F-11D3-BF4B-00C04F79EFBC}") = "MovieRecommender", "MovieRecommender\MovieRecommender.csproj", "{2D793D72-418D-4024-AF43-EBC834CD83A3}"
EndProject
Global
	GlobalSection(SolutionConfigurationPlatforms) = preSolution
		Debug|Any CPU = Debug|Any CPU
		Release|Any CPU = Release|Any CPU
	EndGlobalSection
	GlobalSection(ProjectConfigurationPlatforms) = postSolution
		{2D793D72-418D-4024-AF43-EBC834CD83A3}.Debug|Any CPU.ActiveCfg = Debug|Any CPU
		{2D793D72-418D-4024-AF43-EBC834CD83A3}.Debug|Any CPU.Build.0 = Debug|Any CPU
		{2D793D72-418D-4024-AF43-EBC834CD83A3}.Release|Any CPU.ActiveCfg = Release|Any CPU
		{2D793D72-418D-4024-AF43-EBC834CD83A3}.Release|Any CPU.Build.0 = Release|Any CPU
	EndGlobalSection
	GlobalSection(SolutionProperties) = preSolution
		HideSolutionNode = FALSE
	EndGlobalSection
	GlobalSection(ExtensibilityGlobals) = postSolution
		SolutionGuid = {D09D9BFE-F53A-4CCF-B5FE-5CF78D8B0C82}
	EndGlobalSection
EndGlobal
